{"is_source_file": false, "format": "", "description": "", "external_files": [], "external_methods": [], "published": [], "classes": [], "methods": [], "calls": [], "search-terms": [], "state": 2, "file_id": 4, "knowledge_revision": 23, "git_revision": "41f5638aa6c065530615317a346adfad72be0a79", "filename": "/home/kavia/workspace/code-generation/serpentquest-102831-86700c87/serpentquest/post_process_status.lock", "hash": "9c4ed7ef73e22b872b8055bec08b8979", "format-version": 4, "code-base-name": "default", "revision_history": [{"23": "41f5638aa6c065530615317a346adfad72be0a79"}]}